
Microsoft Visual Studio Solution File, Format Version 12.00
# Visual Studio 15
VisualStudioVersion = 15.0.27004.2002
MinimumVisualStudioVersion = 10.0.40219.1
Project("{FAE04EC0-301F-11D3-BF4B-00C04F79EFBC}") = "ConsoleApp4", "ConsoleApp4\ConsoleApp4.csproj", "{F87178D4-6157-4A25-8145-036A1EB6B06F}"
EndProject
Global
	GlobalSection(SolutionConfigurationPlatforms) = preSolution
		Debug|Any CPU = Debug|Any CPU
		Release|Any CPU = Release|Any CPU
	EndGlobalSection
	GlobalSection(ProjectConfigurationPlatforms) = postSolution
		{F87178D4-6157-4A25-8145-036A1EB6B06F}.Debug|Any CPU.ActiveCfg = Debug|Any CPU
		{F87178D4-6157-4A25-8145-036A1EB6B06F}.Debug|Any CPU.Build.0 = Debug|Any CPU
		{F87178D4-6157-4A25-8145-036A1EB6B06F}.Release|Any CPU.ActiveCfg = Release|Any CPU
		{F87178D4-6157-4A25-8145-036A1EB6B06F}.Release|Any CPU.Build.0 = Release|Any CPU
	EndGlobalSection
	GlobalSection(SolutionProperties) = preSolution
		HideSolutionNode = FALSE
	EndGlobalSection
	GlobalSection(ExtensibilityGlobals) = postSolution
		SolutionGuid = {8C4318D8-2463-414D-9836-A7D0178CC426}
	EndGlobalSection
EndGlobal
